
Microsoft Visual Studio Solution File, Format Version 12.00
# Visual Studio Version 16
VisualStudioVersion = 16.0.31025.194
MinimumVisualStudioVersion = 10.0.40219.1
Project("{8BC9CEB8-8B4A-11D0-8D11-00A0C91BC942}") = "exam", "exam\exam.vcxproj", "{0E423B54-EF68-466F-B58A-928454167D42}"
EndProject
Global
	GlobalSection(SolutionConfigurationPlatforms) = preSolution
		Debug|x64 = Debug|x64
		Debug|x86 = Debug|x86
		Release|x64 = Release|x64
		Release|x86 = Release|x86
	EndGlobalSection
	GlobalSection(ProjectConfigurationPlatforms) = postSolution
		{0E423B54-EF68-466F-B58A-928454167D42}.Debug|x64.ActiveCfg = Debug|x64
		{0E423B54-EF68-466F-B58A-928454167D42}.Debug|x64.Build.0 = Debug|x64
		{0E423B54-EF68-466F-B58A-928454167D42}.Debug|x86.ActiveCfg = Debug|Win32
		{0E423B54-EF68-466F-B58A-928454167D42}.Debug|x86.Build.0 = Debug|Win32
		{0E423B54-EF68-466F-B58A-928454167D42}.Release|x64.ActiveCfg = Release|x64
		{0E423B54-EF68-466F-B58A-928454167D42}.Release|x64.Build.0 = Release|x64
		{0E423B54-EF68-466F-B58A-928454167D42}.Release|x86.ActiveCfg = Release|Win32
		{0E423B54-EF68-466F-B58A-928454167D42}.Release|x86.Build.0 = Release|Win32
	EndGlobalSection
	GlobalSection(SolutionProperties) = preSolution
		HideSolutionNode = FALSE
	EndGlobalSection
	GlobalSection(ExtensibilityGlobals) = postSolution
		SolutionGuid = {830802AE-8ADF-45E1-AA19-335BAB489BE8}
	EndGlobalSection
EndGlobal
